// !$*UTF8*$!
{
	archiveVersion = 1;
	classes = {
	};
	objectVersion = 50;
	objects = {

/* Begin PBXBuildFile section */
		2C4080D52517B86E00E8614A /* AppDelegate.swift in Sources */ = {isa = PBXBuildFile; fileRef = 2C4080D42517B86E00E8614A /* AppDelegate.swift */; };
		2C4080D72517B86E00E8614A /* SceneDelegate.swift in Sources */ = {isa = PBXBuildFile; fileRef = 2C4080D62517B86E00E8614A /* SceneDelegate.swift */; };
		2C4080D92517B86E00E8614A /* ViewController.swift in Sources */ = {isa = PBXBuildFile; fileRef = 2C4080D82517B86E00E8614A /* ViewController.swift */; };
		2C4080DC2517B86E00E8614A /* Main.storyboard in Resources */ = {isa = PBXBuildFile; fileRef = 2C4080DA2517B86E00E8614A /* Main.storyboard */; };
		2C4080DE2517B87000E8614A /* Assets.xcassets in Resources */ = {isa = PBXBuildFile; fileRef = 2C4080DD2517B87000E8614A /* Assets.xcassets */; };
		2C4080E12517B87000E8614A /* LaunchScreen.storyboard in Resources */ = {isa = PBXBuildFile; fileRef = 2C4080DF2517B87000E8614A /* LaunchScreen.storyboard */; };
		2C4080EC2517B87100E8614A /* ProfileTests.swift in Sources */ = {isa = PBXBuildFile; fileRef = 2C4080EB2517B87100E8614A /* ProfileTests.swift */; };
		2C4080F72517B87100E8614A /* ProfileUITests.swift in Sources */ = {isa = PBXBuildFile; fileRef = 2C4080F62517B87100E8614A /* ProfileUITests.swift */; };
/* End PBXBuildFile section */

/* Begin PBXContainerItemProxy section */
		2C4080E82517B87100E8614A /* PBXContainerItemProxy */ = {
			isa = PBXContainerItemProxy;
			containerPortal = 2C4080C92517B86E00E8614A /* Project object */;
			proxyType = 1;
			remoteGlobalIDString = 2C4080D02517B86E00E8614A;
			remoteInfo = Profile;
		};
		2C4080F32517B87100E8614A /* PBXContainerItemProxy */ = {
			isa = PBXContainerItemProxy;
			containerPortal = 2C4080C92517B86E00E8614A /* Project object */;
			proxyType = 1;
			remoteGlobalIDString = 2C4080D02517B86E00E8614A;
			remoteInfo = Profile;
		};
/* End PBXContainerItemProxy section */

/* Begin PBXFileReference section */
		2C4080D12517B86E00E8614A /* Profile.app */ = {isa = PBXFileReference; explicitFileType = wrapper.application; includeInIndex = 0; path = Profile.app; sourceTree = BUILT_PRODUCTS_DIR; };
		2C4080D42517B86E00E8614A /* AppDelegate.swift */ = {isa = PBXFileReference; lastKnownFileType = sourcecode.swift; path = AppDelegate.swift; sourceTree = "<group>"; };
		2C4080D62517B86E00E8614A /* SceneDelegate.swift */ = {isa = PBXFileReference; lastKnownFileType = sourcecode.swift; path = SceneDelegate.swift; sourceTree = "<group>"; };
		2C4080D82517B86E00E8614A /* ViewController.swift */ = {isa = PBXFileReference; lastKnownFileType = sourcecode.swift; path = ViewController.swift; sourceTree = "<group>"; };
		2C4080DB2517B86E00E8614A /* Base */ = {isa = PBXFileReference; lastKnownFileType = file.storyboard; name = Base; path = Base.lproj/Main.storyboard; sourceTree = "<group>"; };
		2C4080DD2517B87000E8614A /* Assets.xcassets */ = {isa = PBXFileReference; lastKnownFileType = folder.assetcatalog; path = Assets.xcassets; sourceTree = "<group>"; };
		2C4080E02517B87000E8614A /* Base */ = {isa = PBXFileReference; lastKnownFileType = file.storyboard; name = Base; path = Base.lproj/LaunchScreen.storyboard; sourceTree = "<group>"; };
		2C4080E22517B87000E8614A /* Info.plist */ = {isa = PBXFileReference; lastKnownFileType = text.plist.xml; path = Info.plist; sourceTree = "<group>"; };
		2C4080E72517B87100E8614A /* ProfileTests.xctest */ = {isa = PBXFileReference; explicitFileType = wrapper.cfbundle; includeInIndex = 0; path = ProfileTests.xctest; sourceTree = BUILT_PRODUCTS_DIR; };
		2C4080EB2517B87100E8614A /* ProfileTests.swift */ = {isa = PBXFileReference; lastKnownFileType = sourcecode.swift; path = ProfileTests.swift; sourceTree = "<group>"; };
		2C4080ED2517B87100E8614A /* Info.plist */ = {isa = PBXFileReference; lastKnownFileType = text.plist.xml; path = Info.plist; sourceTree = "<group>"; };
		2C4080F22517B87100E8614A /* ProfileUITests.xctest */ = {isa = PBXFileReference; explicitFileType = wrapper.cfbundle; includeInIndex = 0; path = ProfileUITests.xctest; sourceTree = BUILT_PRODUCTS_DIR; };
		2C4080F62517B87100E8614A /* ProfileUITests.swift */ = {isa = PBXFileReference; lastKnownFileType = sourcecode.swift; path = ProfileUITests.swift; sourceTree = "<group>"; };
		2C4080F82517B87100E8614A /* Info.plist */ = {isa = PBXFileReference; lastKnownFileType = text.plist.xml; path = Info.plist; sourceTree = "<group>"; };
/* End PBXFileReference section */

/* Begin PBXFrameworksBuildPhase section */
		2C4080CE2517B86E00E8614A /* Frameworks */ = {
			isa = PBXFrameworksBuildPhase;
			buildActionMask = 2147483647;
			files = (
			);
			runOnlyForDeploymentPostprocessing = 0;
		};
		2C4080E42517B87100E8614A /* Frameworks */ = {
			isa = PBXFrameworksBuildPhase;
			buildActionMask = 2147483647;
			files = (
			);
			runOnlyForDeploymentPostprocessing = 0;
		};
		2C4080EF2517B87100E8614A /* Frameworks */ = {
			isa = PBXFrameworksBuildPhase;
			buildActionMask = 2147483647;
			files = (
			);
			runOnlyForDeploymentPostprocessing = 0;
		};
/* End PBXFrameworksBuildPhase section */

/* Begin PBXGroup section */
		2C4080C82517B86E00E8614A = {
			isa = PBXGroup;
			children = (
				2C4080D32517B86E00E8614A /* Profile */,
				2C4080EA2517B87100E8614A /* ProfileTests */,
				2C4080F52517B87100E8614A /* ProfileUITests */,
				2C4080D22517B86E00E8614A /* Products */,
			);
			sourceTree = "<group>";
		};
		2C4080D22517B86E00E8614A /* Products */ = {
			isa = PBXGroup;
			children = (
				2C4080D12517B86E00E8614A /* Profile.app */,
				2C4080E72517B87100E8614A /* ProfileTests.xctest */,
				2C4080F22517B87100E8614A /* ProfileUITests.xctest */,
			);
			name = Products;
			sourceTree = "<group>";
		};
		2C4080D32517B86E00E8614A /* Profile */ = {
			isa = PBXGroup;
			children = (
				2C4080D42517B86E00E8614A /* AppDelegate.swift */,
				2C4080D62517B86E00E8614A /* SceneDelegate.swift */,
				2C4080D82517B86E00E8614A /* ViewController.swift */,
				2C4080DA2517B86E00E8614A /* Main.storyboard */,
				2C4080DD2517B87000E8614A /* Assets.xcassets */,
				2C4080DF2517B87000E8614A /* LaunchScreen.storyboard */,
				2C4080E22517B87000E8614A /* Info.plist */,
			);
			path = Profile;
			sourceTree = "<group>";
		};
		2C4080EA2517B87100E8614A /* ProfileTests */ = {
			isa = PBXGroup;
			children = (
				2C4080EB2517B87100E8614A /* ProfileTests.swift */,
				2C4080ED2517B87100E8614A /* Info.plist */,
			);
			path = ProfileTests;
			sourceTree = "<group>";
		};
		2C4080F52517B87100E8614A /* ProfileUITests */ = {
			isa = PBXGroup;
			children = (
				2C4080F62517B87100E8614A /* ProfileUITests.swift */,
				2C4080F82517B87100E8614A /* Info.plist */,
			);
			path = ProfileUITests;
			sourceTree = "<group>";
		};
/* End PBXGroup section */

/* Begin PBXNativeTarget section */
		2C4080D02517B86E00E8614A /* Profile */ = {
			isa = PBXNativeTarget;
			buildConfigurationList = 2C4080FB2517B87100E8614A /* Build configuration list for PBXNativeTarget "Profile" */;
			buildPhases = (
				2C4080CD2517B86E00E8614A /* Sources */,
				2C4080CE2517B86E00E8614A /* Frameworks */,
				2C4080CF2517B86E00E8614A /* Resources */,
			);
			buildRules = (
			);
			dependencies = (
			);
			name = Profile;
			productName = Profile;
			productReference = 2C4080D12517B86E00E8614A /* Profile.app */;
			productType = "com.apple.product-type.application";
		};
		2C4080E62517B87100E8614A /* ProfileTests */ = {
			isa = PBXNativeTarget;
			buildConfigurationList = 2C4080FE2517B87100E8614A /* Build configuration list for PBXNativeTarget "ProfileTests" */;
			buildPhases = (
				2C4080E32517B87100E8614A /* Sources */,
				2C4080E42517B87100E8614A /* Frameworks */,
				2C4080E52517B87100E8614A /* Resources */,
			);
			buildRules = (
			);
			dependencies = (
				2C4080E92517B87100E8614A /* PBXTargetDependency */,
			);
			name = ProfileTests;
			productName = ProfileTests;
			productReference = 2C4080E72517B87100E8614A /* ProfileTests.xctest */;
			productType = "com.apple.product-type.bundle.unit-test";
		};
		2C4080F12517B87100E8614A /* ProfileUITests */ = {
			isa = PBXNativeTarget;
			buildConfigurationList = 2C4081012517B87100E8614A /* Build configuration list for PBXNativeTarget "ProfileUITests" */;
			buildPhases = (
				2C4080EE2517B87100E8614A /* Sources */,
				2C4080EF2517B87100E8614A /* Frameworks */,
				2C4080F02517B87100E8614A /* Resources */,
			);
			buildRules = (
			);
			dependencies = (
				2C4080F42517B87100E8614A /* PBXTargetDependency */,
			);
			name = ProfileUITests;
			productName = ProfileUITests;
			productReference = 2C4080F22517B87100E8614A /* ProfileUITests.xctest */;
			productType = "com.apple.product-type.bundle.ui-testing";
		};
/* End PBXNativeTarget section */

/* Begin PBXProject section */
		2C4080C92517B86E00E8614A /* Project object */ = {
			isa = PBXProject;
			attributes = {
				LastSwiftUpdateCheck = 1200;
				LastUpgradeCheck = 1200;
				TargetAttributes = {
					2C4080D02517B86E00E8614A = {
						CreatedOnToolsVersion = 12.0;
					};
					2C4080E62517B87100E8614A = {
						CreatedOnToolsVersion = 12.0;
						TestTargetID = 2C4080D02517B86E00E8614A;
					};
					2C4080F12517B87100E8614A = {
						CreatedOnToolsVersion = 12.0;
						TestTargetID = 2C4080D02517B86E00E8614A;
					};
				};
			};
			buildConfigurationList = 2C4080CC2517B86E00E8614A /* Build configuration list for PBXProject "Profile" */;
			compatibilityVersion = "Xcode 9.3";
			developmentRegion = en;
			hasScannedForEncodings = 0;
			knownRegions = (
				en,
				Base,
			);
			mainGroup = 2C4080C82517B86E00E8614A;
			productRefGroup = 2C4080D22517B86E00E8614A /* Products */;
			projectDirPath = "";
			projectRoot = "";
			targets = (
				2C4080D02517B86E00E8614A /* Profile */,
				2C4080E62517B87100E8614A /* ProfileTests */,
				2C4080F12517B87100E8614A /* ProfileUITests */,
			);
		};
/* End PBXProject section */

/* Begin PBXResourcesBuildPhase section */
		2C4080CF2517B86E00E8614A /* Resources */ = {
			isa = PBXResourcesBuildPhase;
			buildActionMask = 2147483647;
			files = (
				2C4080E12517B87000E8614A /* LaunchScreen.storyboard in Resources */,
				2C4080DE2517B87000E8614A /* Assets.xcassets in Resources */,
				2C4080DC2517B86E00E8614A /* Main.storyboard in Resources */,
			);
			runOnlyForDeploymentPostprocessing = 0;
		};
		2C4080E52517B87100E8614A /* Resources */ = {
			isa = PBXResourcesBuildPhase;
			buildActionMask = 2147483647;
			files = (
			);
			runOnlyForDeploymentPostprocessing = 0;
		};
		2C4080F02517B87100E8614A /* Resources */ = {
			isa = PBXResourcesBuildPhase;
			buildActionMask = 2147483647;
			files = (
			);
			runOnlyForDeploymentPostprocessing = 0;
		};
/* End PBXResourcesBuildPhase section */

/* Begin PBXSourcesBuildPhase section */
		2C4080CD2517B86E00E8614A /* Sources */ = {
			isa = PBXSourcesBuildPhase;
			buildActionMask = 2147483647;
			files = (
				2C4080D92517B86E00E8614A /* ViewController.swift in Sources */,
				2C4080D52517B86E00E8614A /* AppDelegate.swift in Sources */,
				2C4080D72517B86E00E8614A /* SceneDelegate.swift in Sources */,
			);
			runOnlyForDeploymentPostprocessing = 0;
		};
		2C4080E32517B87100E8614A /* Sources */ = {
			isa = PBXSourcesBuildPhase;
			buildActionMask = 2147483647;
			files = (
				2C4080EC2517B87100E8614A /* ProfileTests.swift in Sources */,
			);
			runOnlyForDeploymentPostprocessing = 0;
		};
		2C4080EE2517B87100E8614A /* Sources */ = {
			isa = PBXSourcesBuildPhase;
			buildActionMask = 2147483647;
			files = (
				2C4080F72517B87100E8614A /* ProfileUITests.swift in Sources */,
			);
			runOnlyForDeploymentPostprocessing = 0;
		};
/* End PBXSourcesBuildPhase section */

/* Begin PBXTargetDependency section */
		2C4080E92517B87100E8614A /* PBXTargetDependency */ = {
			isa = PBXTargetDependency;
			target = 2C4080D02517B86E00E8614A /* Profile */;
			targetProxy = 2C4080E82517B87100E8614A /* PBXContainerItemProxy */;
		};
		2C4080F42517B87100E8614A /* PBXTargetDependency */ = {
			isa = PBXTargetDependency;
			target = 2C4080D02517B86E00E8614A /* Profile */;
			targetProxy = 2C4080F32517B87100E8614A /* PBXContainerItemProxy */;
		};
/* End PBXTargetDependency section */

/* Begin PBXVariantGroup section */
		2C4080DA2517B86E00E8614A /* Main.storyboard */ = {
			isa = PBXVariantGroup;
			children = (
				2C4080DB2517B86E00E8614A /* Base */,
			);
			name = Main.storyboard;
			sourceTree = "<group>";
		};
		2C4080DF2517B87000E8614A /* LaunchScreen.storyboard */ = {
			isa = PBXVariantGroup;
			children = (
				2C4080E02517B87000E8614A /* Base */,
			);
			name = LaunchScreen.storyboard;
			sourceTree = "<group>";
		};
/* End PBXVariantGroup section */

/* Begin XCBuildConfiguration section */
		2C4080F92517B87100E8614A /* Debug */ = {
			isa = XCBuildConfiguration;
			buildSettings = {
				ALWAYS_SEARCH_USER_PATHS = NO;
				CLANG_ANALYZER_NONNULL = YES;
				CLANG_ANALYZER_NUMBER_OBJECT_CONVERSION = YES_AGGRESSIVE;
				CLANG_CXX_LANGUAGE_STANDARD = "gnu++14";
				CLANG_CXX_LIBRARY = "libc++";
				CLANG_ENABLE_MODULES = YES;
				CLANG_ENABLE_OBJC_ARC = YES;
				CLANG_ENABLE_OBJC_WEAK = YES;
				CLANG_WARN_BLOCK_CAPTURE_AUTORELEASING = YES;
				CLANG_WARN_BOOL_CONVERSION = YES;
				CLANG_WARN_COMMA = YES;
				CLANG_WARN_CONSTANT_CONVERSION = YES;
				CLANG_WARN_DEPRECATED_OBJC_IMPLEMENTATIONS = YES;
				CLANG_WARN_DIRECT_OBJC_ISA_USAGE = YES_ERROR;
				CLANG_WARN_DOCUMENTATION_COMMENTS = YES;
				CLANG_WARN_EMPTY_BODY = YES;
				CLANG_WARN_ENUM_CONVERSION = YES;
				CLANG_WARN_INFINITE_RECURSION = YES;
				CLANG_WARN_INT_CONVERSION = YES;
				CLANG_WARN_NON_LITERAL_NULL_CONVERSION = YES;
				CLANG_WARN_OBJC_IMPLICIT_RETAIN_SELF = YES;
				CLANG_WARN_OBJC_LITERAL_CONVERSION = YES;
				CLANG_WARN_OBJC_ROOT_CLASS = YES_ERROR;
				CLANG_WARN_QUOTED_INCLUDE_IN_FRAMEWORK_HEADER = YES;
				CLANG_WARN_RANGE_LOOP_ANALYSIS = YES;
				CLANG_WARN_STRICT_PROTOTYPES = YES;
				CLANG_WARN_SUSPICIOUS_MOVE = YES;
				CLANG_WARN_UNGUARDED_AVAILABILITY = YES_AGGRESSIVE;
				CLANG_WARN_UNREACHABLE_CODE = YES;
				CLANG_WARN__DUPLICATE_METHOD_MATCH = YES;
				COPY_PHASE_STRIP = NO;
				DEBUG_INFORMATION_FORMAT = dwarf;
				ENABLE_STRICT_OBJC_MSGSEND = YES;
				ENABLE_TESTABILITY = YES;
				GCC_C_LANGUAGE_STANDARD = gnu11;
				GCC_DYNAMIC_NO_PIC = NO;
				GCC_NO_COMMON_BLOCKS = YES;
				GCC_OPTIMIZATION_LEVEL = 0;
				GCC_PREPROCESSOR_DEFINITIONS = (
					"DEBUG=1",
					"$(inherited)",
				);
				GCC_WARN_64_TO_32_BIT_CONVERSION = YES;
				GCC_WARN_ABOUT_RETURN_TYPE = YES_ERROR;
				GCC_WARN_UNDECLARED_SELECTOR = YES;
				GCC_WARN_UNINITIALIZED_AUTOS = YES_AGGRESSIVE;
				GCC_WARN_UNUSED_FUNCTION = YES;
				GCC_WARN_UNUSED_VARIABLE = YES;
				IPHONEOS_DEPLOYMENT_TARGET = 14.0;
				MTL_ENABLE_DEBUG_INFO = INCLUDE_SOURCE;
				MTL_FAST_MATH = YES;
				ONLY_ACTIVE_ARCH = YES;
				SDKROOT = iphoneos;
				SWIFT_ACTIVE_COMPILATION_CONDITIONS = DEBUG;
				SWIFT_OPTIMIZATION_LEVEL = "-Onone";
			};
			name = Debug;
		};
		2C4080FA2517B87100E8614A /* Release */ = {
			isa = XCBuildConfiguration;
			buildSettings = {
				ALWAYS_SEARCH_USER_PATHS = NO;
				CLANG_ANALYZER_NONNULL = YES;
				CLANG_ANALYZER_NUMBER_OBJECT_CONVERSION = YES_AGGRESSIVE;
				CLANG_CXX_LANGUAGE_STANDARD = "gnu++14";
				CLANG_CXX_LIBRARY = "libc++";
				CLANG_ENABLE_MODULES = YES;
				CLANG_ENABLE_OBJC_ARC = YES;
				CLANG_ENABLE_OBJC_WEAK = YES;
				CLANG_WARN_BLOCK_CAPTURE_AUTORELEASING = YES;
				CLANG_WARN_BOOL_CONVERSION = YES;
				CLANG_WARN_COMMA = YES;
				CLANG_WARN_CONSTANT_CONVERSION = YES;
				CLANG_WARN_DEPRECATED_OBJC_IMPLEMENTATIONS = YES;
				CLANG_WARN_DIRECT_OBJC_ISA_USAGE = YES_ERROR;
				CLANG_WARN_DOCUMENTATION_COMMENTS = YES;
				CLANG_WARN_EMPTY_BODY = YES;
				CLANG_WARN_ENUM_CONVERSION = YES;
				CLANG_WARN_INFINITE_RECURSION = YES;
				CLANG_WARN_INT_CONVERSION = YES;
				CLANG_WARN_NON_LITERAL_NULL_CONVERSION = YES;
				CLANG_WARN_OBJC_IMPLICIT_RETAIN_SELF = YES;
				CLANG_WARN_OBJC_LITERAL_CONVERSION = YES;
				CLANG_WARN_OBJC_ROOT_CLASS = YES_ERROR;
				CLANG_WARN_QUOTED_INCLUDE_IN_FRAMEWORK_HEADER = YES;
				CLANG_WARN_RANGE_LOOP_ANALYSIS = YES;
				CLANG_WARN_STRICT_PROTOTYPES = YES;
				CLANG_WARN_SUSPICIOUS_MOVE = YES;
				CLANG_WARN_UNGUARDED_AVAILABILITY = YES_AGGRESSIVE;
				CLANG_WARN_UNREACHABLE_CODE = YES;
				CLANG_WARN__DUPLICATE_METHOD_MATCH = YES;
				COPY_PHASE_STRIP = NO;
				DEBUG_INFORMATION_FORMAT = "dwarf-with-dsym";
				ENABLE_NS_ASSERTIONS = NO;
				ENABLE_STRICT_OBJC_MSGSEND = YES;
				GCC_C_LANGUAGE_STANDARD = gnu11;
				GCC_NO_COMMON_BLOCKS = YES;
				GCC_WARN_64_TO_32_BIT_CONVERSION = YES;
				GCC_WARN_ABOUT_RETURN_TYPE = YES_ERROR;
				GCC_WARN_UNDECLARED_SELECTOR = YES;
				GCC_WARN_UNINITIALIZED_AUTOS = YES_AGGRESSIVE;
				GCC_WARN_UNUSED_FUNCTION = YES;
				GCC_WARN_UNUSED_VARIABLE = YES;
				IPHONEOS_DEPLOYMENT_TARGET = 14.0;
				MTL_ENABLE_DEBUG_INFO = NO;
				MTL_FAST_MATH = YES;
				SDKROOT = iphoneos;
				SWIFT_COMPILATION_MODE = wholemodule;
				SWIFT_OPTIMIZATION_LEVEL = "-O";
				VALIDATE_PRODUCT = YES;
			};
			name = Release;
		};
		2C4080FC2517B87100E8614A /* Debug */ = {
			isa = XCBuildConfiguration;
			buildSettings = {
				ASSETCATALOG_COMPILER_APPICON_NAME = AppIcon;
				ASSETCATALOG_COMPILER_GLOBAL_ACCENT_COLOR_NAME = AccentColor;
				CODE_SIGN_STYLE = Automatic;
				INFOPLIST_FILE = Profile/Info.plist;
				LD_RUNPATH_SEARCH_PATHS = (
					"$(inherited)",
					"@executable_path/Frameworks",
				);
				PRODUCT_BUNDLE_IDENTIFIER = app.Ito.Akki.Profile;
				PRODUCT_NAME = "$(TARGET_NAME)";
				SWIFT_VERSION = 5.0;
				TARGETED_DEVICE_FAMILY = "1,2";
			};
			name = Debug;
		};
		2C4080FD2517B87100E8614A /* Release */ = {
			isa = XCBuildConfiguration;
			buildSettings = {
				ASSETCATALOG_COMPILER_APPICON_NAME = AppIcon;
				ASSETCATALOG_COMPILER_GLOBAL_ACCENT_COLOR_NAME = AccentColor;
				CODE_SIGN_STYLE = Automatic;
				INFOPLIST_FILE = Profile/Info.plist;
				LD_RUNPATH_SEARCH_PATHS = (
					"$(inherited)",
					"@executable_path/Frameworks",
				);
				PRODUCT_BUNDLE_IDENTIFIER = app.Ito.Akki.Profile;
				PRODUCT_NAME = "$(TARGET_NAME)";
				SWIFT_VERSION = 5.0;
				TARGETED_DEVICE_FAMILY = "1,2";
			};
			name = Release;
		};
		2C4080FF2517B87100E8614A /* Debug */ = {
			isa = XCBuildConfiguration;
			buildSettings = {
				ALWAYS_EMBED_SWIFT_STANDARD_LIBRARIES = YES;
				BUNDLE_LOADER = "$(TEST_HOST)";
				CODE_SIGN_STYLE = Automatic;
				INFOPLIST_FILE = ProfileTests/Info.plist;
				IPHONEOS_DEPLOYMENT_TARGET = 14.0;
				LD_RUNPATH_SEARCH_PATHS = (
					"$(inherited)",
					"@executable_path/Frameworks",
					"@loader_path/Frameworks",
				);
				PRODUCT_BUNDLE_IDENTIFIER = app.Ito.Akki.ProfileTests;
				PRODUCT_NAME = "$(TARGET_NAME)";
				SWIFT_VERSION = 5.0;
				TARGETED_DEVICE_FAMILY = "1,2";
				TEST_HOST = "$(BUILT_PRODUCTS_DIR)/Profile.app/Profile";
			};
			name = Debug;
		};
		2C4081002517B87100E8614A /* Release */ = {
			isa = XCBuildConfiguration;
			buildSettings = {
				ALWAYS_EMBED_SWIFT_STANDARD_LIBRARIES = YES;
				BUNDLE_LOADER = "$(TEST_HOST)";
				CODE_SIGN_STYLE = Automatic;
				INFOPLIST_FILE = ProfileTests/Info.plist;
				IPHONEOS_DEPLOYMENT_TARGET = 14.0;
				LD_RUNPATH_SEARCH_PATHS = (
					"$(inherited)",
					"@executable_path/Frameworks",
					"@loader_path/Frameworks",
				);
				PRODUCT_BUNDLE_IDENTIFIER = app.Ito.Akki.ProfileTests;
				PRODUCT_NAME = "$(TARGET_NAME)";
				SWIFT_VERSION = 5.0;
				TARGETED_DEVICE_FAMILY = "1,2";
				TEST_HOST = "$(BUILT_PRODUCTS_DIR)/Profile.app/Profile";
			};
			name = Release;
		};
		2C4081022517B87100E8614A /* Debug */ = {
			isa = XCBuildConfiguration;
			buildSettings = {
				ALWAYS_EMBED_SWIFT_STANDARD_LIBRARIES = YES;
				CODE_SIGN_STYLE = Automatic;
				INFOPLIST_FILE = ProfileUITests/Info.plist;
				LD_RUNPATH_SEARCH_PATHS = (
					"$(inherited)",
					"@executable_path/Frameworks",
					"@loader_path/Frameworks",
				);
				PRODUCT_BUNDLE_IDENTIFIER = app.Ito.Akki.ProfileUITests;
				PRODUCT_NAME = "$(TARGET_NAME)";
				SWIFT_VERSION = 5.0;
				TARGETED_DEVICE_FAMILY = "1,2";
				TEST_TARGET_NAME = Profile;
			};
			name = Debug;
		};
		2C4081032517B87100E8614A /* Release */ = {
			isa = XCBuildConfiguration;
			buildSettings = {
				ALWAYS_EMBED_SWIFT_STANDARD_LIBRARIES = YES;
				CODE_SIGN_STYLE = Automatic;
				INFOPLIST_FILE = ProfileUITests/Info.plist;
				LD_RUNPATH_SEARCH_PATHS = (
					"$(inherited)",
					"@executable_path/Frameworks",
					"@loader_path/Frameworks",
				);
				PRODUCT_BUNDLE_IDENTIFIER = app.Ito.Akki.ProfileUITests;
				PRODUCT_NAME = "$(TARGET_NAME)";
				SWIFT_VERSION = 5.0;
				TARGETED_DEVICE_FAMILY = "1,2";
				TEST_TARGET_NAME = Profile;
			};
			name = Release;
		};
/* End XCBuildConfiguration section */

/* Begin XCConfigurationList section */
		2C4080CC2517B86E00E8614A /* Build configuration list for PBXProject "Profile" */ = {
			isa = XCConfigurationList;
			buildConfigurations = (
				2C4080F92517B87100E8614A /* Debug */,
				2C4080FA2517B87100E8614A /* Release */,
			);
			defaultConfigurationIsVisible = 0;
			defaultConfigurationName = Release;
		};
		2C4080FB2517B87100E8614A /* Build configuration list for PBXNativeTarget "Profile" */ = {
			isa = XCConfigurationList;
			buildConfigurations = (
				2C4080FC2517B87100E8614A /* Debug */,
				2C4080FD2517B87100E8614A /* Release */,
			);
			defaultConfigurationIsVisible = 0;
			defaultConfigurationName = Release;
		};
		2C4080FE2517B87100E8614A /* Build configuration list for PBXNativeTarget "ProfileTests" */ = {
			isa = XCConfigurationList;
			buildConfigurations = (
				2C4080FF2517B87100E8614A /* Debug */,
				2C4081002517B87100E8614A /* Release */,
			);
			defaultConfigurationIsVisible = 0;
			defaultConfigurationName = Release;
		};
		2C4081012517B87100E8614A /* Build configuration list for PBXNativeTarget "ProfileUITests" */ = {
			isa = XCConfigurationList;
			buildConfigurations = (
				2C4081022517B87100E8614A /* Debug */,
				2C4081032517B87100E8614A /* Release */,
			);
			defaultConfigurationIsVisible = 0;
			defaultConfigurationName = Release;
		};
/* End XCConfigurationList section */
	};
	rootObject = 2C4080C92517B86E00E8614A /* Project object */;
}
